
Microsoft Visual Studio Solution File, Format Version 12.00
# Visual Studio Version 17
VisualStudioVersion = 17.11.35312.102
MinimumVisualStudioVersion = 10.0.40219.1
Project("{FAE04EC0-301F-11D3-BF4B-00C04F79EFBC}") = "MvcMovie", "MvcMovie\MvcMovie.csproj", "{4E6E0C6E-EB5C-4881-A18A-2127BE235ADC}"
EndProject
Global
	GlobalSection(SolutionConfigurationPlatforms) = preSolution
		Debug|Any CPU = Debug|Any CPU
		Release|Any CPU = Release|Any CPU
	EndGlobalSection
	GlobalSection(ProjectConfigurationPlatforms) = postSolution
		{4E6E0C6E-EB5C-4881-A18A-2127BE235ADC}.Debug|Any CPU.ActiveCfg = Debug|Any CPU
		{4E6E0C6E-EB5C-4881-A18A-2127BE235ADC}.Debug|Any CPU.Build.0 = Debug|Any CPU
		{4E6E0C6E-EB5C-4881-A18A-2127BE235ADC}.Release|Any CPU.ActiveCfg = Release|Any CPU
		{4E6E0C6E-EB5C-4881-A18A-2127BE235ADC}.Release|Any CPU.Build.0 = Release|Any CPU
	EndGlobalSection
	GlobalSection(SolutionProperties) = preSolution
		HideSolutionNode = FALSE
	EndGlobalSection
	GlobalSection(ExtensibilityGlobals) = postSolution
		SolutionGuid = {6FE2ED34-8D7E-423B-BB54-3EB817979EF9}
	EndGlobalSection
EndGlobal
